
Microsoft Visual Studio Solution File, Format Version 12.00
# Visual Studio 15
Project("{FAE04EC0-301F-11D3-BF4B-00C04F79EFBC}") = "RPGProject", "RPGProject.csproj", "{D0308E21-EE06-A89B-564C-4A6A440B9796}"
EndProject
Project("{FAE04EC0-301F-11D3-BF4B-00C04F79EFBC}") = "RPGProject.Plugins", "RPGProject.Plugins.csproj", "{74402166-30E1-0B4E-A1AE-4DA2408AA34D}"
EndProject
Global
	GlobalSection(SolutionConfigurationPlatforms) = preSolution
		Debug|Any CPU = Debug|Any CPU
		Release|Any CPU = Release|Any CPU
	EndGlobalSection
	GlobalSection(ProjectConfigurationPlatforms) = postSolution
		{D0308E21-EE06-A89B-564C-4A6A440B9796}.Debug|Any CPU.ActiveCfg = Debug|Any CPU
		{D0308E21-EE06-A89B-564C-4A6A440B9796}.Debug|Any CPU.Build.0 = Debug|Any CPU
		{D0308E21-EE06-A89B-564C-4A6A440B9796}.Release|Any CPU.ActiveCfg = Release|Any CPU
		{D0308E21-EE06-A89B-564C-4A6A440B9796}.Release|Any CPU.Build.0 = Release|Any CPU
		{74402166-30E1-0B4E-A1AE-4DA2408AA34D}.Debug|Any CPU.ActiveCfg = Debug|Any CPU
		{74402166-30E1-0B4E-A1AE-4DA2408AA34D}.Debug|Any CPU.Build.0 = Debug|Any CPU
		{74402166-30E1-0B4E-A1AE-4DA2408AA34D}.Release|Any CPU.ActiveCfg = Release|Any CPU
		{74402166-30E1-0B4E-A1AE-4DA2408AA34D}.Release|Any CPU.Build.0 = Release|Any CPU
	EndGlobalSection
	GlobalSection(SolutionProperties) = preSolution
		HideSolutionNode = FALSE
	EndGlobalSection
EndGlobal
